<?xml version="1.0" encoding="utf-8"?>
<Project ToolsVersion="17.0" xmlns="http://schemas.microsoft.com/developer/msbuild/2003">
  <ItemGroup>
    <CustomBuild Include="D:\Apps\CompP\NewOOP\JsonSerializer\CMakeFiles\cafcfb5b9193a02a1e0e97413aa701ce\generate.stamp.rule">
      <Filter>CMake Rules</Filter>
    </CustomBuild>
  </ItemGroup>
  <ItemGroup>
    <Filter Include="CMake Rules">
      <UniqueIdentifier>{0D3C206A-154D-3915-B166-AB22F0784D8B}</UniqueIdentifier>
    </Filter>
  </ItemGroup>
</Project>
